
Microsoft Visual Studio Solution File, Format Version 12.00
# Visual Studio 2012
Project("{8BC9CEB8-8B4A-11D0-8D11-00A0C91BC942}") = "CppPrimerPlus", "CppPrimerPlus\CppPrimerPlus.vcxproj", "{9932F9A8-DFC6-4E06-9B5E-DEA5FC52FA07}"
EndProject
Global
	GlobalSection(SolutionConfigurationPlatforms) = preSolution
		Debug|Win32 = Debug|Win32
		Release|Win32 = Release|Win32
	EndGlobalSection
	GlobalSection(ProjectConfigurationPlatforms) = postSolution
		{9932F9A8-DFC6-4E06-9B5E-DEA5FC52FA07}.Debug|Win32.ActiveCfg = Debug|Win32
		{9932F9A8-DFC6-4E06-9B5E-DEA5FC52FA07}.Debug|Win32.Build.0 = Debug|Win32
		{9932F9A8-DFC6-4E06-9B5E-DEA5FC52FA07}.Release|Win32.ActiveCfg = Release|Win32
		{9932F9A8-DFC6-4E06-9B5E-DEA5FC52FA07}.Release|Win32.Build.0 = Release|Win32
	EndGlobalSection
	GlobalSection(SolutionProperties) = preSolution
		HideSolutionNode = FALSE
	EndGlobalSection
EndGlobal
